
Microsoft Visual Studio Solution File, Format Version 12.00
# Visual Studio Version 17
VisualStudioVersion = 17.11.35327.3
MinimumVisualStudioVersion = 10.0.40219.1
Project("{FAE04EC0-301F-11D3-BF4B-00C04F79EFBC}") = "For ve While Dongusu ile Sayi Toplama Oyunu", "For ve While Dongusu ile Sayi Toplama Oyunu\For ve While Dongusu ile Sayi Toplama Oyunu.csproj", "{1AFFB888-7BF8-40AA-94D9-8C4FBB38C70C}"
EndProject
Global
	GlobalSection(SolutionConfigurationPlatforms) = preSolution
		Debug|Any CPU = Debug|Any CPU
		Release|Any CPU = Release|Any CPU
	EndGlobalSection
	GlobalSection(ProjectConfigurationPlatforms) = postSolution
		{1AFFB888-7BF8-40AA-94D9-8C4FBB38C70C}.Debug|Any CPU.ActiveCfg = Debug|Any CPU
		{1AFFB888-7BF8-40AA-94D9-8C4FBB38C70C}.Debug|Any CPU.Build.0 = Debug|Any CPU
		{1AFFB888-7BF8-40AA-94D9-8C4FBB38C70C}.Release|Any CPU.ActiveCfg = Release|Any CPU
		{1AFFB888-7BF8-40AA-94D9-8C4FBB38C70C}.Release|Any CPU.Build.0 = Release|Any CPU
	EndGlobalSection
	GlobalSection(SolutionProperties) = preSolution
		HideSolutionNode = FALSE
	EndGlobalSection
	GlobalSection(ExtensibilityGlobals) = postSolution
		SolutionGuid = {56E5BDD9-595C-419D-9382-FCE5CC53D66D}
	EndGlobalSection
EndGlobal
